
Microsoft Visual Studio Solution File, Format Version 12.00
# Visual Studio Version 17
VisualStudioVersion = 17.7.34024.191
MinimumVisualStudioVersion = 10.0.40219.1
Project("{FAE04EC0-301F-11D3-BF4B-00C04F79EFBC}") = "Banco_CarteiraClientes", "Banco_CarteiraClientes\Banco_CarteiraClientes.csproj", "{B579F8B6-F410-4001-84EB-22DCC58E30A6}"
EndProject
Global
	GlobalSection(SolutionConfigurationPlatforms) = preSolution
		Debug|Any CPU = Debug|Any CPU
		Release|Any CPU = Release|Any CPU
	EndGlobalSection
	GlobalSection(ProjectConfigurationPlatforms) = postSolution
		{B579F8B6-F410-4001-84EB-22DCC58E30A6}.Debug|Any CPU.ActiveCfg = Debug|Any CPU
		{B579F8B6-F410-4001-84EB-22DCC58E30A6}.Debug|Any CPU.Build.0 = Debug|Any CPU
		{B579F8B6-F410-4001-84EB-22DCC58E30A6}.Release|Any CPU.ActiveCfg = Release|Any CPU
		{B579F8B6-F410-4001-84EB-22DCC58E30A6}.Release|Any CPU.Build.0 = Release|Any CPU
	EndGlobalSection
	GlobalSection(SolutionProperties) = preSolution
		HideSolutionNode = FALSE
	EndGlobalSection
	GlobalSection(ExtensibilityGlobals) = postSolution
		SolutionGuid = {F9D1E78B-C818-44CB-B66B-52E73469C346}
	EndGlobalSection
EndGlobal
